
Microsoft Visual Studio Solution File, Format Version 12.00
# Visual Studio Version 17
VisualStudioVersion = 17.3.32825.248
MinimumVisualStudioVersion = 10.0.40219.1
Project("{FAE04EC0-301F-11D3-BF4B-00C04F79EFBC}") = "QueueAList", "QueueAList\QueueAList.csproj", "{49DCAF47-E6C5-4A82-A020-B410D4ED30FF}"
EndProject
Global
	GlobalSection(SolutionConfigurationPlatforms) = preSolution
		Debug|Any CPU = Debug|Any CPU
		Release|Any CPU = Release|Any CPU
	EndGlobalSection
	GlobalSection(ProjectConfigurationPlatforms) = postSolution
		{49DCAF47-E6C5-4A82-A020-B410D4ED30FF}.Debug|Any CPU.ActiveCfg = Debug|Any CPU
		{49DCAF47-E6C5-4A82-A020-B410D4ED30FF}.Debug|Any CPU.Build.0 = Debug|Any CPU
		{49DCAF47-E6C5-4A82-A020-B410D4ED30FF}.Release|Any CPU.ActiveCfg = Release|Any CPU
		{49DCAF47-E6C5-4A82-A020-B410D4ED30FF}.Release|Any CPU.Build.0 = Release|Any CPU
	EndGlobalSection
	GlobalSection(SolutionProperties) = preSolution
		HideSolutionNode = FALSE
	EndGlobalSection
	GlobalSection(ExtensibilityGlobals) = postSolution
		SolutionGuid = {1CC739E2-C3ED-4E8E-8C33-946EFAA26C6A}
	EndGlobalSection
EndGlobal
